// !$*UTF8*$!
{
	archiveVersion = 1;
	classes = {
	};
	objectVersion = 51;
	objects = {

/* Begin PBXBuildFile section */
		4CB3686C252A19D70046F7CB /* MovieDetailViewController.swift in Sources */ = {isa = PBXBuildFile; fileRef = 4CB3686B252A19D70046F7CB /* MovieDetailViewController.swift */; };
		4CB36871252A27980046F7CB /* MovieGridViewController.swift in Sources */ = {isa = PBXBuildFile; fileRef = 4CB36870252A27980046F7CB /* MovieGridViewController.swift */; };
		4CB36876252A2FC30046F7CB /* MovieGridCell.swift in Sources */ = {isa = PBXBuildFile; fileRef = 4CB36875252A2FC30046F7CB /* MovieGridCell.swift */; };
		4CD6E59C251F2DC50098EEEB /* AppDelegate.swift in Sources */ = {isa = PBXBuildFile; fileRef = 4CD6E59B251F2DC50098EEEB /* AppDelegate.swift */; };
		4CD6E59E251F2DC50098EEEB /* SceneDelegate.swift in Sources */ = {isa = PBXBuildFile; fileRef = 4CD6E59D251F2DC50098EEEB /* SceneDelegate.swift */; };
		4CD6E5A3251F2DC50098EEEB /* Main.storyboard in Resources */ = {isa = PBXBuildFile; fileRef = 4CD6E5A1251F2DC50098EEEB /* Main.storyboard */; };
		4CD6E5A5251F2DC70098EEEB /* Assets.xcassets in Resources */ = {isa = PBXBuildFile; fileRef = 4CD6E5A4251F2DC70098EEEB /* Assets.xcassets */; };
		4CD6E5A8251F2DC70098EEEB /* LaunchScreen.storyboard in Resources */ = {isa = PBXBuildFile; fileRef = 4CD6E5A6251F2DC70098EEEB /* LaunchScreen.storyboard */; };
		4CD6E5B3251F2DC70098EEEB /* FlixTests.swift in Sources */ = {isa = PBXBuildFile; fileRef = 4CD6E5B2251F2DC70098EEEB /* FlixTests.swift */; };
		4CD6E5BE251F2DC70098EEEB /* FlixUITests.swift in Sources */ = {isa = PBXBuildFile; fileRef = 4CD6E5BD251F2DC70098EEEB /* FlixUITests.swift */; };
		4CD6E5D2251F34710098EEEB /* MoviesViewController.swift in Sources */ = {isa = PBXBuildFile; fileRef = 4CD6E5D1251F34710098EEEB /* MoviesViewController.swift */; };
		4CD6E5D7251FA5220098EEEB /* MovieCell.swift in Sources */ = {isa = PBXBuildFile; fileRef = 4CD6E5D6251FA5220098EEEB /* MovieCell.swift */; };
		92EAC2694A0C5EF503A2D7FB /* Pods_Flix_FlixUITests.framework in Frameworks */ = {isa = PBXBuildFile; fileRef = DB82729BDF4C1BA03155E2C1 /* Pods_Flix_FlixUITests.framework */; };
		AC82FAA17A471E377877E2F2 /* Pods_Flix.framework in Frameworks */ = {isa = PBXBuildFile; fileRef = BF77C918566A6C40B0F83DE0 /* Pods_Flix.framework */; };
		AE5CAA8F5D7A7A20E64426ED /* Pods_FlixTests.framework in Frameworks */ = {isa = PBXBuildFile; fileRef = C33A5AD62009098561EAE883 /* Pods_FlixTests.framework */; };
/* End PBXBuildFile section */

/* Begin PBXContainerItemProxy section */
		4CD6E5AF251F2DC70098EEEB /* PBXContainerItemProxy */ = {
			isa = PBXContainerItemProxy;
			containerPortal = 4CD6E590251F2DC50098EEEB /* Project object */;
			proxyType = 1;
			remoteGlobalIDString = 4CD6E597251F2DC50098EEEB;
			remoteInfo = Flix;
		};
		4CD6E5BA251F2DC70098EEEB /* PBXContainerItemProxy */ = {
			isa = PBXContainerItemProxy;
			containerPortal = 4CD6E590251F2DC50098EEEB /* Project object */;
			proxyType = 1;
			remoteGlobalIDString = 4CD6E597251F2DC50098EEEB;
			remoteInfo = Flix;
		};
/* End PBXContainerItemProxy section */

/* Begin PBXFileReference section */
		05DADAE0AF0912C65C0D2FCC /* Pods-Flix-FlixUITests.release.xcconfig */ = {isa = PBXFileReference; includeInIndex = 1; lastKnownFileType = text.xcconfig; name = "Pods-Flix-FlixUITests.release.xcconfig"; path = "Target Support Files/Pods-Flix-FlixUITests/Pods-Flix-FlixUITests.release.xcconfig"; sourceTree = "<group>"; };
		08D053BE7FC26F5FD5BD226D /* Pods-FlixTests.release.xcconfig */ = {isa = PBXFileReference; includeInIndex = 1; lastKnownFileType = text.xcconfig; name = "Pods-FlixTests.release.xcconfig"; path = "Target Support Files/Pods-FlixTests/Pods-FlixTests.release.xcconfig"; sourceTree = "<group>"; };
		283364F8197AD8565BB37A15 /* Pods-Flix.release.xcconfig */ = {isa = PBXFileReference; includeInIndex = 1; lastKnownFileType = text.xcconfig; name = "Pods-Flix.release.xcconfig"; path = "Target Support Files/Pods-Flix/Pods-Flix.release.xcconfig"; sourceTree = "<group>"; };
		3FB259923B86E582FDCA91DC /* Pods-Flix-FlixUITests.debug.xcconfig */ = {isa = PBXFileReference; includeInIndex = 1; lastKnownFileType = text.xcconfig; name = "Pods-Flix-FlixUITests.debug.xcconfig"; path = "Target Support Files/Pods-Flix-FlixUITests/Pods-Flix-FlixUITests.debug.xcconfig"; sourceTree = "<group>"; };
		4CB3686B252A19D70046F7CB /* MovieDetailViewController.swift */ = {isa = PBXFileReference; lastKnownFileType = sourcecode.swift; path = MovieDetailViewController.swift; sourceTree = "<group>"; };
		4CB36870252A27980046F7CB /* MovieGridViewController.swift */ = {isa = PBXFileReference; lastKnownFileType = sourcecode.swift; path = MovieGridViewController.swift; sourceTree = "<group>"; };
		4CB36875252A2FC30046F7CB /* MovieGridCell.swift */ = {isa = PBXFileReference; lastKnownFileType = sourcecode.swift; path = MovieGridCell.swift; sourceTree = "<group>"; };
		4CD6E598251F2DC50098EEEB /* Flix.app */ = {isa = PBXFileReference; explicitFileType = wrapper.application; includeInIndex = 0; path = Flix.app; sourceTree = BUILT_PRODUCTS_DIR; };
		4CD6E59B251F2DC50098EEEB /* AppDelegate.swift */ = {isa = PBXFileReference; lastKnownFileType = sourcecode.swift; path = AppDelegate.swift; sourceTree = "<group>"; };
		4CD6E59D251F2DC50098EEEB /* SceneDelegate.swift */ = {isa = PBXFileReference; lastKnownFileType = sourcecode.swift; path = SceneDelegate.swift; sourceTree = "<group>"; };
		4CD6E5A2251F2DC50098EEEB /* Base */ = {isa = PBXFileReference; lastKnownFileType = file.storyboard; name = Base; path = Base.lproj/Main.storyboard; sourceTree = "<group>"; };
		4CD6E5A4251F2DC70098EEEB /* Assets.xcassets */ = {isa = PBXFileReference; lastKnownFileType = folder.assetcatalog; path = Assets.xcassets; sourceTree = "<group>"; };
		4CD6E5A7251F2DC70098EEEB /* Base */ = {isa = PBXFileReference; lastKnownFileType = file.storyboard; name = Base; path = Base.lproj/LaunchScreen.storyboard; sourceTree = "<group>"; };
		4CD6E5A9251F2DC70098EEEB /* Info.plist */ = {isa = PBXFileReference; lastKnownFileType = text.plist.xml; path = Info.plist; sourceTree = "<group>"; };
		4CD6E5AE251F2DC70098EEEB /* FlixTests.xctest */ = {isa = PBXFileReference; explicitFileType = wrapper.cfbundle; includeInIndex = 0; path = FlixTests.xctest; sourceTree = BUILT_PRODUCTS_DIR; };
		4CD6E5B2251F2DC70098EEEB /* FlixTests.swift */ = {isa = PBXFileReference; lastKnownFileType = sourcecode.swift; path = FlixTests.swift; sourceTree = "<group>"; };
		4CD6E5B4251F2DC70098EEEB /* Info.plist */ = {isa = PBXFileReference; lastKnownFileType = text.plist.xml; path = Info.plist; sourceTree = "<group>"; };
		4CD6E5B9251F2DC70098EEEB /* FlixUITests.xctest */ = {isa = PBXFileReference; explicitFileType = wrapper.cfbundle; includeInIndex = 0; path = FlixUITests.xctest; sourceTree = BUILT_PRODUCTS_DIR; };
		4CD6E5BD251F2DC70098EEEB /* FlixUITests.swift */ = {isa = PBXFileReference; lastKnownFileType = sourcecode.swift; path = FlixUITests.swift; sourceTree = "<group>"; };
		4CD6E5BF251F2DC70098EEEB /* Info.plist */ = {isa = PBXFileReference; lastKnownFileType = text.plist.xml; path = Info.plist; sourceTree = "<group>"; };
		4CD6E5D1251F34710098EEEB /* MoviesViewController.swift */ = {isa = PBXFileReference; lastKnownFileType = sourcecode.swift; path = MoviesViewController.swift; sourceTree = "<group>"; };
		4CD6E5D6251FA5220098EEEB /* MovieCell.swift */ = {isa = PBXFileReference; lastKnownFileType = sourcecode.swift; path = MovieCell.swift; sourceTree = "<group>"; };
		4DEC102F0D4787B70AEB321C /* Pods-FlixTests.debug.xcconfig */ = {isa = PBXFileReference; includeInIndex = 1; lastKnownFileType = text.xcconfig; name = "Pods-FlixTests.debug.xcconfig"; path = "Target Support Files/Pods-FlixTests/Pods-FlixTests.debug.xcconfig"; sourceTree = "<group>"; };
		766FDB6C696E1E5117DA1562 /* Pods-Flix.debug.xcconfig */ = {isa = PBXFileReference; includeInIndex = 1; lastKnownFileType = text.xcconfig; name = "Pods-Flix.debug.xcconfig"; path = "Target Support Files/Pods-Flix/Pods-Flix.debug.xcconfig"; sourceTree = "<group>"; };
		BF77C918566A6C40B0F83DE0 /* Pods_Flix.framework */ = {isa = PBXFileReference; explicitFileType = wrapper.framework; includeInIndex = 0; path = Pods_Flix.framework; sourceTree = BUILT_PRODUCTS_DIR; };
		C33A5AD62009098561EAE883 /* Pods_FlixTests.framework */ = {isa = PBXFileReference; explicitFileType = wrapper.framework; includeInIndex = 0; path = Pods_FlixTests.framework; sourceTree = BUILT_PRODUCTS_DIR; };
		DB82729BDF4C1BA03155E2C1 /* Pods_Flix_FlixUITests.framework */ = {isa = PBXFileReference; explicitFileType = wrapper.framework; includeInIndex = 0; path = Pods_Flix_FlixUITests.framework; sourceTree = BUILT_PRODUCTS_DIR; };
/* End PBXFileReference section */

/* Begin PBXFrameworksBuildPhase section */
		4CD6E595251F2DC50098EEEB /* Frameworks */ = {
			isa = PBXFrameworksBuildPhase;
			buildActionMask = 2147483647;
			files = (
				AC82FAA17A471E377877E2F2 /* Pods_Flix.framework in Frameworks */,
			);
			runOnlyForDeploymentPostprocessing = 0;
		};
		4CD6E5AB251F2DC70098EEEB /* Frameworks */ = {
			isa = PBXFrameworksBuildPhase;
			buildActionMask = 2147483647;
			files = (
				AE5CAA8F5D7A7A20E64426ED /* Pods_FlixTests.framework in Frameworks */,
			);
			runOnlyForDeploymentPostprocessing = 0;
		};
		4CD6E5B6251F2DC70098EEEB /* Frameworks */ = {
			isa = PBXFrameworksBuildPhase;
			buildActionMask = 2147483647;
			files = (
				92EAC2694A0C5EF503A2D7FB /* Pods_Flix_FlixUITests.framework in Frameworks */,
			);
			runOnlyForDeploymentPostprocessing = 0;
		};
/* End PBXFrameworksBuildPhase section */

/* Begin PBXGroup section */
		4CD6E58F251F2DC50098EEEB = {
			isa = PBXGroup;
			children = (
				4CD6E59A251F2DC50098EEEB /* Flix */,
				4CD6E5B1251F2DC70098EEEB /* FlixTests */,
				4CD6E5BC251F2DC70098EEEB /* FlixUITests */,
				4CD6E599251F2DC50098EEEB /* Products */,
				9434D71AE798B8A26037BB64 /* Pods */,
				9A6540FEA2010AD990D0256F /* Frameworks */,
			);
			sourceTree = "<group>";
		};
		4CD6E599251F2DC50098EEEB /* Products */ = {
			isa = PBXGroup;
			children = (
				4CD6E598251F2DC50098EEEB /* Flix.app */,
				4CD6E5AE251F2DC70098EEEB /* FlixTests.xctest */,
				4CD6E5B9251F2DC70098EEEB /* FlixUITests.xctest */,
			);
			name = Products;
			sourceTree = "<group>";
		};
		4CD6E59A251F2DC50098EEEB /* Flix */ = {
			isa = PBXGroup;
			children = (
				4CD6E59B251F2DC50098EEEB /* AppDelegate.swift */,
				4CD6E59D251F2DC50098EEEB /* SceneDelegate.swift */,
				4CD6E5A1251F2DC50098EEEB /* Main.storyboard */,
				4CD6E5A4251F2DC70098EEEB /* Assets.xcassets */,
				4CD6E5A6251F2DC70098EEEB /* LaunchScreen.storyboard */,
				4CD6E5A9251F2DC70098EEEB /* Info.plist */,
				4CD6E5D1251F34710098EEEB /* MoviesViewController.swift */,
				4CD6E5D6251FA5220098EEEB /* MovieCell.swift */,
				4CB3686B252A19D70046F7CB /* MovieDetailViewController.swift */,
				4CB36870252A27980046F7CB /* MovieGridViewController.swift */,
				4CB36875252A2FC30046F7CB /* MovieGridCell.swift */,
			);
			path = Flix;
			sourceTree = "<group>";
		};
		4CD6E5B1251F2DC70098EEEB /* FlixTests */ = {
			isa = PBXGroup;
			children = (
				4CD6E5B2251F2DC70098EEEB /* FlixTests.swift */,
				4CD6E5B4251F2DC70098EEEB /* Info.plist */,
			);
			path = FlixTests;
			sourceTree = "<group>";
		};
		4CD6E5BC251F2DC70098EEEB /* FlixUITests */ = {
			isa = PBXGroup;
			children = (
				4CD6E5BD251F2DC70098EEEB /* FlixUITests.swift */,
				4CD6E5BF251F2DC70098EEEB /* Info.plist */,
			);
			path = FlixUITests;
			sourceTree = "<group>";
		};
		9434D71AE798B8A26037BB64 /* Pods */ = {
			isa = PBXGroup;
			children = (
				766FDB6C696E1E5117DA1562 /* Pods-Flix.debug.xcconfig */,
				283364F8197AD8565BB37A15 /* Pods-Flix.release.xcconfig */,
				3FB259923B86E582FDCA91DC /* Pods-Flix-FlixUITests.debug.xcconfig */,
				05DADAE0AF0912C65C0D2FCC /* Pods-Flix-FlixUITests.release.xcconfig */,
				4DEC102F0D4787B70AEB321C /* Pods-FlixTests.debug.xcconfig */,
				08D053BE7FC26F5FD5BD226D /* Pods-FlixTests.release.xcconfig */,
			);
			path = Pods;
			sourceTree = "<group>";
		};
		9A6540FEA2010AD990D0256F /* Frameworks */ = {
			isa = PBXGroup;
			children = (
				BF77C918566A6C40B0F83DE0 /* Pods_Flix.framework */,
				DB82729BDF4C1BA03155E2C1 /* Pods_Flix_FlixUITests.framework */,
				C33A5AD62009098561EAE883 /* Pods_FlixTests.framework */,
			);
			name = Frameworks;
			sourceTree = "<group>";
		};
/* End PBXGroup section */

/* Begin PBXNativeTarget section */
		4CD6E597251F2DC50098EEEB /* Flix */ = {
			isa = PBXNativeTarget;
			buildConfigurationList = 4CD6E5C2251F2DC70098EEEB /* Build configuration list for PBXNativeTarget "Flix" */;
			buildPhases = (
				A0CB3C03D432742AF52CD7B8 /* [CP] Check Pods Manifest.lock */,
				4CD6E594251F2DC50098EEEB /* Sources */,
				4CD6E595251F2DC50098EEEB /* Frameworks */,
				4CD6E596251F2DC50098EEEB /* Resources */,
				FA9A5357E55B7C9E8040C33B /* [CP] Embed Pods Frameworks */,
			);
			buildRules = (
			);
			dependencies = (
			);
			name = Flix;
			productName = Flix;
			productReference = 4CD6E598251F2DC50098EEEB /* Flix.app */;
			productType = "com.apple.product-type.application";
		};
		4CD6E5AD251F2DC70098EEEB /* FlixTests */ = {
			isa = PBXNativeTarget;
			buildConfigurationList = 4CD6E5C5251F2DC70098EEEB /* Build configuration list for PBXNativeTarget "FlixTests" */;
			buildPhases = (
				2D015144A1C0BBCB4AF25A2C /* [CP] Check Pods Manifest.lock */,
				4CD6E5AA251F2DC70098EEEB /* Sources */,
				4CD6E5AB251F2DC70098EEEB /* Frameworks */,
				4CD6E5AC251F2DC70098EEEB /* Resources */,
			);
			buildRules = (
			);
			dependencies = (
				4CD6E5B0251F2DC70098EEEB /* PBXTargetDependency */,
			);
			name = FlixTests;
			productName = FlixTests;
			productReference = 4CD6E5AE251F2DC70098EEEB /* FlixTests.xctest */;
			productType = "com.apple.product-type.bundle.unit-test";
		};
		4CD6E5B8251F2DC70098EEEB /* FlixUITests */ = {
			isa = PBXNativeTarget;
			buildConfigurationList = 4CD6E5C8251F2DC70098EEEB /* Build configuration list for PBXNativeTarget "FlixUITests" */;
			buildPhases = (
				D099F85B7C6C3168444AB2E5 /* [CP] Check Pods Manifest.lock */,
				4CD6E5B5251F2DC70098EEEB /* Sources */,
				4CD6E5B6251F2DC70098EEEB /* Frameworks */,
				4CD6E5B7251F2DC70098EEEB /* Resources */,
				6EA0D795120D991B067F8A58 /* [CP] Embed Pods Frameworks */,
			);
			buildRules = (
			);
			dependencies = (
				4CD6E5BB251F2DC70098EEEB /* PBXTargetDependency */,
			);
			name = FlixUITests;
			productName = FlixUITests;
			productReference = 4CD6E5B9251F2DC70098EEEB /* FlixUITests.xctest */;
			productType = "com.apple.product-type.bundle.ui-testing";
		};
/* End PBXNativeTarget section */

/* Begin PBXProject section */
		4CD6E590251F2DC50098EEEB /* Project object */ = {
			isa = PBXProject;
			attributes = {
				LastSwiftUpdateCheck = 1200;
				LastUpgradeCheck = 1200;
				TargetAttributes = {
					4CD6E597251F2DC50098EEEB = {
						CreatedOnToolsVersion = 12.0;
					};
					4CD6E5AD251F2DC70098EEEB = {
						CreatedOnToolsVersion = 12.0;
						TestTargetID = 4CD6E597251F2DC50098EEEB;
					};
					4CD6E5B8251F2DC70098EEEB = {
						CreatedOnToolsVersion = 12.0;
						TestTargetID = 4CD6E597251F2DC50098EEEB;
					};
				};
			};
			buildConfigurationList = 4CD6E593251F2DC50098EEEB /* Build configuration list for PBXProject "Flix" */;
			compatibilityVersion = "Xcode 9.3";
			developmentRegion = en;
			hasScannedForEncodings = 0;
			knownRegions = (
				en,
				Base,
			);
			mainGroup = 4CD6E58F251F2DC50098EEEB;
			productRefGroup = 4CD6E599251F2DC50098EEEB /* Products */;
			projectDirPath = "";
			projectRoot = "";
			targets = (
				4CD6E597251F2DC50098EEEB /* Flix */,
				4CD6E5AD251F2DC70098EEEB /* FlixTests */,
				4CD6E5B8251F2DC70098EEEB /* FlixUITests */,
			);
		};
/* End PBXProject section */

/* Begin PBXResourcesBuildPhase section */
		4CD6E596251F2DC50098EEEB /* Resources */ = {
			isa = PBXResourcesBuildPhase;
			buildActionMask = 2147483647;
			files = (
				4CD6E5A8251F2DC70098EEEB /* LaunchScreen.storyboard in Resources */,
				4CD6E5A5251F2DC70098EEEB /* Assets.xcassets in Resources */,
				4CD6E5A3251F2DC50098EEEB /* Main.storyboard in Resources */,
			);
			runOnlyForDeploymentPostprocessing = 0;
		};
		4CD6E5AC251F2DC70098EEEB /* Resources */ = {
			isa = PBXResourcesBuildPhase;
			buildActionMask = 2147483647;
			files = (
			);
			runOnlyForDeploymentPostprocessing = 0;
		};
		4CD6E5B7251F2DC70098EEEB /* Resources */ = {
			isa = PBXResourcesBuildPhase;
			buildActionMask = 2147483647;
			files = (
			);
			runOnlyForDeploymentPostprocessing = 0;
		};
/* End PBXResourcesBuildPhase section */

/* Begin PBXShellScriptBuildPhase section */
		2D015144A1C0BBCB4AF25A2C /* [CP] Check Pods Manifest.lock */ = {
			isa = PBXShellScriptBuildPhase;
			buildActionMask = 2147483647;
			files = (
			);
			inputFileListPaths = (
			);
			inputPaths = (
				"${PODS_PODFILE_DIR_PATH}/Podfile.lock",
				"${PODS_ROOT}/Manifest.lock",
			);
			name = "[CP] Check Pods Manifest.lock";
			outputFileListPaths = (
			);
			outputPaths = (
				"$(DERIVED_FILE_DIR)/Pods-FlixTests-checkManifestLockResult.txt",
			);
			runOnlyForDeploymentPostprocessing = 0;
			shellPath = /bin/sh;
			shellScript = "diff \"${PODS_PODFILE_DIR_PATH}/Podfile.lock\" \"${PODS_ROOT}/Manifest.lock\" > /dev/null\nif [ $? != 0 ] ; then\n    # print error to STDERR\n    echo \"error: The sandbox is not in sync with the Podfile.lock. Run 'pod install' or update your CocoaPods installation.\" >&2\n    exit 1\nfi\n# This output is used by Xcode 'outputs' to avoid re-running this script phase.\necho \"SUCCESS\" > \"${SCRIPT_OUTPUT_FILE_0}\"\n";
			showEnvVarsInLog = 0;
		};
		6EA0D795120D991B067F8A58 /* [CP] Embed Pods Frameworks */ = {
			isa = PBXShellScriptBuildPhase;
			buildActionMask = 2147483647;
			files = (
			);
			inputFileListPaths = (
				"${PODS_ROOT}/Target Support Files/Pods-Flix-FlixUITests/Pods-Flix-FlixUITests-frameworks-${CONFIGURATION}-input-files.xcfilelist",
			);
			name = "[CP] Embed Pods Frameworks";
			outputFileListPaths = (
				"${PODS_ROOT}/Target Support Files/Pods-Flix-FlixUITests/Pods-Flix-FlixUITests-frameworks-${CONFIGURATION}-output-files.xcfilelist",
			);
			runOnlyForDeploymentPostprocessing = 0;
			shellPath = /bin/sh;
			shellScript = "\"${PODS_ROOT}/Target Support Files/Pods-Flix-FlixUITests/Pods-Flix-FlixUITests-frameworks.sh\"\n";
			showEnvVarsInLog = 0;
		};
		A0CB3C03D432742AF52CD7B8 /* [CP] Check Pods Manifest.lock */ = {
			isa = PBXShellScriptBuildPhase;
			buildActionMask = 2147483647;
			files = (
			);
			inputFileListPaths = (
			);
			inputPaths = (
				"${PODS_PODFILE_DIR_PATH}/Podfile.lock",
				"${PODS_ROOT}/Manifest.lock",
			);
			name = "[CP] Check Pods Manifest.lock";
			outputFileListPaths = (
			);
			outputPaths = (
				"$(DERIVED_FILE_DIR)/Pods-Flix-checkManifestLockResult.txt",
			);
			runOnlyForDeploymentPostprocessing = 0;
			shellPath = /bin/sh;
			shellScript = "diff \"${PODS_PODFILE_DIR_PATH}/Podfile.lock\" \"${PODS_ROOT}/Manifest.lock\" > /dev/null\nif [ $? != 0 ] ; then\n    # print error to STDERR\n    echo \"error: The sandbox is not in sync with the Podfile.lock. Run 'pod install' or update your CocoaPods installation.\" >&2\n    exit 1\nfi\n# This output is used by Xcode 'outputs' to avoid re-running this script phase.\necho \"SUCCESS\" > \"${SCRIPT_OUTPUT_FILE_0}\"\n";
			showEnvVarsInLog = 0;
		};
		D099F85B7C6C3168444AB2E5 /* [CP] Check Pods Manifest.lock */ = {
			isa = PBXShellScriptBuildPhase;
			buildActionMask = 2147483647;
			files = (
			);
			inputFileListPaths = (
			);
			inputPaths = (
				"${PODS_PODFILE_DIR_PATH}/Podfile.lock",
				"${PODS_ROOT}/Manifest.lock",
			);
			name = "[CP] Check Pods Manifest.lock";
			outputFileListPaths = (
			);
			outputPaths = (
				"$(DERIVED_FILE_DIR)/Pods-Flix-FlixUITests-checkManifestLockResult.txt",
			);
			runOnlyForDeploymentPostprocessing = 0;
			shellPath = /bin/sh;
			shellScript = "diff \"${PODS_PODFILE_DIR_PATH}/Podfile.lock\" \"${PODS_ROOT}/Manifest.lock\" > /dev/null\nif [ $? != 0 ] ; then\n    # print error to STDERR\n    echo \"error: The sandbox is not in sync with the Podfile.lock. Run 'pod install' or update your CocoaPods installation.\" >&2\n    exit 1\nfi\n# This output is used by Xcode 'outputs' to avoid re-running this script phase.\necho \"SUCCESS\" > \"${SCRIPT_OUTPUT_FILE_0}\"\n";
			showEnvVarsInLog = 0;
		};
		FA9A5357E55B7C9E8040C33B /* [CP] Embed Pods Frameworks */ = {
			isa = PBXShellScriptBuildPhase;
			buildActionMask = 2147483647;
			files = (
			);
			inputFileListPaths = (
				"${PODS_ROOT}/Target Support Files/Pods-Flix/Pods-Flix-frameworks-${CONFIGURATION}-input-files.xcfilelist",
			);
			name = "[CP] Embed Pods Frameworks";
			outputFileListPaths = (
				"${PODS_ROOT}/Target Support Files/Pods-Flix/Pods-Flix-frameworks-${CONFIGURATION}-output-files.xcfilelist",
			);
			runOnlyForDeploymentPostprocessing = 0;
			shellPath = /bin/sh;
			shellScript = "\"${PODS_ROOT}/Target Support Files/Pods-Flix/Pods-Flix-frameworks.sh\"\n";
			showEnvVarsInLog = 0;
		};
/* End PBXShellScriptBuildPhase section */

/* Begin PBXSourcesBuildPhase section */
		4CD6E594251F2DC50098EEEB /* Sources */ = {
			isa = PBXSourcesBuildPhase;
			buildActionMask = 2147483647;
			files = (
				4CD6E59C251F2DC50098EEEB /* AppDelegate.swift in Sources */,
				4CB3686C252A19D70046F7CB /* MovieDetailViewController.swift in Sources */,
				4CD6E59E251F2DC50098EEEB /* SceneDelegate.swift in Sources */,
				4CD6E5D7251FA5220098EEEB /* MovieCell.swift in Sources */,
				4CD6E5D2251F34710098EEEB /* MoviesViewController.swift in Sources */,
				4CB36871252A27980046F7CB /* MovieGridViewController.swift in Sources */,
				4CB36876252A2FC30046F7CB /* MovieGridCell.swift in Sources */,
			);
			runOnlyForDeploymentPostprocessing = 0;
		};
		4CD6E5AA251F2DC70098EEEB /* Sources */ = {
			isa = PBXSourcesBuildPhase;
			buildActionMask = 2147483647;
			files = (
				4CD6E5B3251F2DC70098EEEB /* FlixTests.swift in Sources */,
			);
			runOnlyForDeploymentPostprocessing = 0;
		};
		4CD6E5B5251F2DC70098EEEB /* Sources */ = {
			isa = PBXSourcesBuildPhase;
			buildActionMask = 2147483647;
			files = (
				4CD6E5BE251F2DC70098EEEB /* FlixUITests.swift in Sources */,
			);
			runOnlyForDeploymentPostprocessing = 0;
		};
/* End PBXSourcesBuildPhase section */

/* Begin PBXTargetDependency section */
		4CD6E5B0251F2DC70098EEEB /* PBXTargetDependency */ = {
			isa = PBXTargetDependency;
			target = 4CD6E597251F2DC50098EEEB /* Flix */;
			targetProxy = 4CD6E5AF251F2DC70098EEEB /* PBXContainerItemProxy */;
		};
		4CD6E5BB251F2DC70098EEEB /* PBXTargetDependency */ = {
			isa = PBXTargetDependency;
			target = 4CD6E597251F2DC50098EEEB /* Flix */;
			targetProxy = 4CD6E5BA251F2DC70098EEEB /* PBXContainerItemProxy */;
		};
/* End PBXTargetDependency section */

/* Begin PBXVariantGroup section */
		4CD6E5A1251F2DC50098EEEB /* Main.storyboard */ = {
			isa = PBXVariantGroup;
			children = (
				4CD6E5A2251F2DC50098EEEB /* Base */,
			);
			name = Main.storyboard;
			sourceTree = "<group>";
		};
		4CD6E5A6251F2DC70098EEEB /* LaunchScreen.storyboard */ = {
			isa = PBXVariantGroup;
			children = (
				4CD6E5A7251F2DC70098EEEB /* Base */,
			);
			name = LaunchScreen.storyboard;
			sourceTree = "<group>";
		};
/* End PBXVariantGroup section */

/* Begin XCBuildConfiguration section */
		4CD6E5C0251F2DC70098EEEB /* Debug */ = {
			isa = XCBuildConfiguration;
			buildSettings = {
				ALWAYS_SEARCH_USER_PATHS = NO;
				CLANG_ANALYZER_NONNULL = YES;
				CLANG_ANALYZER_NUMBER_OBJECT_CONVERSION = YES_AGGRESSIVE;
				CLANG_CXX_LANGUAGE_STANDARD = "gnu++14";
				CLANG_CXX_LIBRARY = "libc++";
				CLANG_ENABLE_MODULES = YES;
				CLANG_ENABLE_OBJC_ARC = YES;
				CLANG_ENABLE_OBJC_WEAK = YES;
				CLANG_WARN_BLOCK_CAPTURE_AUTORELEASING = YES;
				CLANG_WARN_BOOL_CONVERSION = YES;
				CLANG_WARN_COMMA = YES;
				CLANG_WARN_CONSTANT_CONVERSION = YES;
				CLANG_WARN_DEPRECATED_OBJC_IMPLEMENTATIONS = YES;
				CLANG_WARN_DIRECT_OBJC_ISA_USAGE = YES_ERROR;
				CLANG_WARN_DOCUMENTATION_COMMENTS = YES;
				CLANG_WARN_EMPTY_BODY = YES;
				CLANG_WARN_ENUM_CONVERSION = YES;
				CLANG_WARN_INFINITE_RECURSION = YES;
				CLANG_WARN_INT_CONVERSION = YES;
				CLANG_WARN_NON_LITERAL_NULL_CONVERSION = YES;
				CLANG_WARN_OBJC_IMPLICIT_RETAIN_SELF = YES;
				CLANG_WARN_OBJC_LITERAL_CONVERSION = YES;
				CLANG_WARN_OBJC_ROOT_CLASS = YES_ERROR;
				CLANG_WARN_QUOTED_INCLUDE_IN_FRAMEWORK_HEADER = YES;
				CLANG_WARN_RANGE_LOOP_ANALYSIS = YES;
				CLANG_WARN_STRICT_PROTOTYPES = YES;
				CLANG_WARN_SUSPICIOUS_MOVE = YES;
				CLANG_WARN_UNGUARDED_AVAILABILITY = YES_AGGRESSIVE;
				CLANG_WARN_UNREACHABLE_CODE = YES;
				CLANG_WARN__DUPLICATE_METHOD_MATCH = YES;
				COPY_PHASE_STRIP = NO;
				DEBUG_INFORMATION_FORMAT = dwarf;
				ENABLE_STRICT_OBJC_MSGSEND = YES;
				ENABLE_TESTABILITY = YES;
				GCC_C_LANGUAGE_STANDARD = gnu11;
				GCC_DYNAMIC_NO_PIC = NO;
				GCC_NO_COMMON_BLOCKS = YES;
				GCC_OPTIMIZATION_LEVEL = 0;
				GCC_PREPROCESSOR_DEFINITIONS = (
					"DEBUG=1",
					"$(inherited)",
				);
				GCC_WARN_64_TO_32_BIT_CONVERSION = YES;
				GCC_WARN_ABOUT_RETURN_TYPE = YES_ERROR;
				GCC_WARN_UNDECLARED_SELECTOR = YES;
				GCC_WARN_UNINITIALIZED_AUTOS = YES_AGGRESSIVE;
				GCC_WARN_UNUSED_FUNCTION = YES;
				GCC_WARN_UNUSED_VARIABLE = YES;
				IPHONEOS_DEPLOYMENT_TARGET = 14.0;
				MTL_ENABLE_DEBUG_INFO = INCLUDE_SOURCE;
				MTL_FAST_MATH = YES;
				ONLY_ACTIVE_ARCH = YES;
				SDKROOT = iphoneos;
				SWIFT_ACTIVE_COMPILATION_CONDITIONS = DEBUG;
				SWIFT_OPTIMIZATION_LEVEL = "-Onone";
			};
			name = Debug;
		};
		4CD6E5C1251F2DC70098EEEB /* Release */ = {
			isa = XCBuildConfiguration;
			buildSettings = {
				ALWAYS_SEARCH_USER_PATHS = NO;
				CLANG_ANALYZER_NONNULL = YES;
				CLANG_ANALYZER_NUMBER_OBJECT_CONVERSION = YES_AGGRESSIVE;
				CLANG_CXX_LANGUAGE_STANDARD = "gnu++14";
				CLANG_CXX_LIBRARY = "libc++";
				CLANG_ENABLE_MODULES = YES;
				CLANG_ENABLE_OBJC_ARC = YES;
				CLANG_ENABLE_OBJC_WEAK = YES;
				CLANG_WARN_BLOCK_CAPTURE_AUTORELEASING = YES;
				CLANG_WARN_BOOL_CONVERSION = YES;
				CLANG_WARN_COMMA = YES;
				CLANG_WARN_CONSTANT_CONVERSION = YES;
				CLANG_WARN_DEPRECATED_OBJC_IMPLEMENTATIONS = YES;
				CLANG_WARN_DIRECT_OBJC_ISA_USAGE = YES_ERROR;
				CLANG_WARN_DOCUMENTATION_COMMENTS = YES;
				CLANG_WARN_EMPTY_BODY = YES;
				CLANG_WARN_ENUM_CONVERSION = YES;
				CLANG_WARN_INFINITE_RECURSION = YES;
				CLANG_WARN_INT_CONVERSION = YES;
				CLANG_WARN_NON_LITERAL_NULL_CONVERSION = YES;
				CLANG_WARN_OBJC_IMPLICIT_RETAIN_SELF = YES;
				CLANG_WARN_OBJC_LITERAL_CONVERSION = YES;
				CLANG_WARN_OBJC_ROOT_CLASS = YES_ERROR;
				CLANG_WARN_QUOTED_INCLUDE_IN_FRAMEWORK_HEADER = YES;
				CLANG_WARN_RANGE_LOOP_ANALYSIS = YES;
				CLANG_WARN_STRICT_PROTOTYPES = YES;
				CLANG_WARN_SUSPICIOUS_MOVE = YES;
				CLANG_WARN_UNGUARDED_AVAILABILITY = YES_AGGRESSIVE;
				CLANG_WARN_UNREACHABLE_CODE = YES;
				CLANG_WARN__DUPLICATE_METHOD_MATCH = YES;
				COPY_PHASE_STRIP = NO;
				DEBUG_INFORMATION_FORMAT = "dwarf-with-dsym";
				ENABLE_NS_ASSERTIONS = NO;
				ENABLE_STRICT_OBJC_MSGSEND = YES;
				GCC_C_LANGUAGE_STANDARD = gnu11;
				GCC_NO_COMMON_BLOCKS = YES;
				GCC_WARN_64_TO_32_BIT_CONVERSION = YES;
				GCC_WARN_ABOUT_RETURN_TYPE = YES_ERROR;
				GCC_WARN_UNDECLARED_SELECTOR = YES;
				GCC_WARN_UNINITIALIZED_AUTOS = YES_AGGRESSIVE;
				GCC_WARN_UNUSED_FUNCTION = YES;
				GCC_WARN_UNUSED_VARIABLE = YES;
				IPHONEOS_DEPLOYMENT_TARGET = 14.0;
				MTL_ENABLE_DEBUG_INFO = NO;
				MTL_FAST_MATH = YES;
				SDKROOT = iphoneos;
				SWIFT_COMPILATION_MODE = wholemodule;
				SWIFT_OPTIMIZATION_LEVEL = "-O";
				VALIDATE_PRODUCT = YES;
			};
			name = Release;
		};
		4CD6E5C3251F2DC70098EEEB /* Debug */ = {
			isa = XCBuildConfiguration;
			baseConfigurationReference = 766FDB6C696E1E5117DA1562 /* Pods-Flix.debug.xcconfig */;
			buildSettings = {
				ASSETCATALOG_COMPILER_APPICON_NAME = AppIcon;
				ASSETCATALOG_COMPILER_GLOBAL_ACCENT_COLOR_NAME = AccentColor;
				CODE_SIGN_STYLE = Automatic;
				DEVELOPMENT_TEAM = V9DZHJ7C85;
				INFOPLIST_FILE = Flix/Info.plist;
				LD_RUNPATH_SEARCH_PATHS = (
					"$(inherited)",
					"@executable_path/Frameworks",
				);
				PRODUCT_BUNDLE_IDENTIFIER = Codepath.Flix;
				PRODUCT_NAME = "$(TARGET_NAME)";
				SWIFT_VERSION = 5.0;
				TARGETED_DEVICE_FAMILY = "1,2";
			};
			name = Debug;
		};
		4CD6E5C4251F2DC70098EEEB /* Release */ = {
			isa = XCBuildConfiguration;
			baseConfigurationReference = 283364F8197AD8565BB37A15 /* Pods-Flix.release.xcconfig */;
			buildSettings = {
				ASSETCATALOG_COMPILER_APPICON_NAME = AppIcon;
				ASSETCATALOG_COMPILER_GLOBAL_ACCENT_COLOR_NAME = AccentColor;
				CODE_SIGN_STYLE = Automatic;
				DEVELOPMENT_TEAM = V9DZHJ7C85;
				INFOPLIST_FILE = Flix/Info.plist;
				LD_RUNPATH_SEARCH_PATHS = (
					"$(inherited)",
					"@executable_path/Frameworks",
				);
				PRODUCT_BUNDLE_IDENTIFIER = Codepath.Flix;
				PRODUCT_NAME = "$(TARGET_NAME)";
				SWIFT_VERSION = 5.0;
				TARGETED_DEVICE_FAMILY = "1,2";
			};
			name = Release;
		};
		4CD6E5C6251F2DC70098EEEB /* Debug */ = {
			isa = XCBuildConfiguration;
			baseConfigurationReference = 4DEC102F0D4787B70AEB321C /* Pods-FlixTests.debug.xcconfig */;
			buildSettings = {
				ALWAYS_EMBED_SWIFT_STANDARD_LIBRARIES = YES;
				BUNDLE_LOADER = "$(TEST_HOST)";
				CODE_SIGN_STYLE = Automatic;
				DEVELOPMENT_TEAM = V9DZHJ7C85;
				INFOPLIST_FILE = FlixTests/Info.plist;
				IPHONEOS_DEPLOYMENT_TARGET = 14.0;
				LD_RUNPATH_SEARCH_PATHS = (
					"$(inherited)",
					"@executable_path/Frameworks",
					"@loader_path/Frameworks",
				);
				PRODUCT_BUNDLE_IDENTIFIER = Codepath.FlixTests;
				PRODUCT_NAME = "$(TARGET_NAME)";
				SWIFT_VERSION = 5.0;
				TARGETED_DEVICE_FAMILY = "1,2";
				TEST_HOST = "$(BUILT_PRODUCTS_DIR)/Flix.app/Flix";
			};
			name = Debug;
		};
		4CD6E5C7251F2DC70098EEEB /* Release */ = {
			isa = XCBuildConfiguration;
			baseConfigurationReference = 08D053BE7FC26F5FD5BD226D /* Pods-FlixTests.release.xcconfig */;
			buildSettings = {
				ALWAYS_EMBED_SWIFT_STANDARD_LIBRARIES = YES;
				BUNDLE_LOADER = "$(TEST_HOST)";
				CODE_SIGN_STYLE = Automatic;
				DEVELOPMENT_TEAM = V9DZHJ7C85;
				INFOPLIST_FILE = FlixTests/Info.plist;
				IPHONEOS_DEPLOYMENT_TARGET = 14.0;
				LD_RUNPATH_SEARCH_PATHS = (
					"$(inherited)",
					"@executable_path/Frameworks",
					"@loader_path/Frameworks",
				);
				PRODUCT_BUNDLE_IDENTIFIER = Codepath.FlixTests;
				PRODUCT_NAME = "$(TARGET_NAME)";
				SWIFT_VERSION = 5.0;
				TARGETED_DEVICE_FAMILY = "1,2";
				TEST_HOST = "$(BUILT_PRODUCTS_DIR)/Flix.app/Flix";
			};
			name = Release;
		};
		4CD6E5C9251F2DC70098EEEB /* Debug */ = {
			isa = XCBuildConfiguration;
			baseConfigurationReference = 3FB259923B86E582FDCA91DC /* Pods-Flix-FlixUITests.debug.xcconfig */;
			buildSettings = {
				ALWAYS_EMBED_SWIFT_STANDARD_LIBRARIES = YES;
				CODE_SIGN_STYLE = Automatic;
				DEVELOPMENT_TEAM = V9DZHJ7C85;
				INFOPLIST_FILE = FlixUITests/Info.plist;
				LD_RUNPATH_SEARCH_PATHS = (
					"$(inherited)",
					"@executable_path/Frameworks",
					"@loader_path/Frameworks",
				);
				PRODUCT_BUNDLE_IDENTIFIER = Codepath.FlixUITests;
				PRODUCT_NAME = "$(TARGET_NAME)";
				SWIFT_VERSION = 5.0;
				TARGETED_DEVICE_FAMILY = "1,2";
				TEST_TARGET_NAME = Flix;
			};
			name = Debug;
		};
		4CD6E5CA251F2DC70098EEEB /* Release */ = {
			isa = XCBuildConfiguration;
			baseConfigurationReference = 05DADAE0AF0912C65C0D2FCC /* Pods-Flix-FlixUITests.release.xcconfig */;
			buildSettings = {
				ALWAYS_EMBED_SWIFT_STANDARD_LIBRARIES = YES;
				CODE_SIGN_STYLE = Automatic;
				DEVELOPMENT_TEAM = V9DZHJ7C85;
				INFOPLIST_FILE = FlixUITests/Info.plist;
				LD_RUNPATH_SEARCH_PATHS = (
					"$(inherited)",
					"@executable_path/Frameworks",
					"@loader_path/Frameworks",
				);
				PRODUCT_BUNDLE_IDENTIFIER = Codepath.FlixUITests;
				PRODUCT_NAME = "$(TARGET_NAME)";
				SWIFT_VERSION = 5.0;
				TARGETED_DEVICE_FAMILY = "1,2";
				TEST_TARGET_NAME = Flix;
			};
			name = Release;
		};
/* End XCBuildConfiguration section */

/* Begin XCConfigurationList section */
		4CD6E593251F2DC50098EEEB /* Build configuration list for PBXProject "Flix" */ = {
			isa = XCConfigurationList;
			buildConfigurations = (
				4CD6E5C0251F2DC70098EEEB /* Debug */,
				4CD6E5C1251F2DC70098EEEB /* Release */,
			);
			defaultConfigurationIsVisible = 0;
			defaultConfigurationName = Release;
		};
		4CD6E5C2251F2DC70098EEEB /* Build configuration list for PBXNativeTarget "Flix" */ = {
			isa = XCConfigurationList;
			buildConfigurations = (
				4CD6E5C3251F2DC70098EEEB /* Debug */,
				4CD6E5C4251F2DC70098EEEB /* Release */,
			);
			defaultConfigurationIsVisible = 0;
			defaultConfigurationName = Release;
		};
		4CD6E5C5251F2DC70098EEEB /* Build configuration list for PBXNativeTarget "FlixTests" */ = {
			isa = XCConfigurationList;
			buildConfigurations = (
				4CD6E5C6251F2DC70098EEEB /* Debug */,
				4CD6E5C7251F2DC70098EEEB /* Release */,
			);
			defaultConfigurationIsVisible = 0;
			defaultConfigurationName = Release;
		};
		4CD6E5C8251F2DC70098EEEB /* Build configuration list for PBXNativeTarget "FlixUITests" */ = {
			isa = XCConfigurationList;
			buildConfigurations = (
				4CD6E5C9251F2DC70098EEEB /* Debug */,
				4CD6E5CA251F2DC70098EEEB /* Release */,
			);
			defaultConfigurationIsVisible = 0;
			defaultConfigurationName = Release;
		};
/* End XCConfigurationList section */
	};
	rootObject = 4CD6E590251F2DC50098EEEB /* Project object */;
}
